{
  "version": 4,
  "terraform_version": "1.9.0",
  "serial": 3,
  "lineage": "a3a8e7f6-907a-0403-ccde-471b56bc4f04",
  "outputs": {},
  "resources": [
    {
      "mode": "managed",
      "type": "google_container_cluster",
      "name": "primary",
      "provider": "provider[\"registry.terraform.io/hashicorp/google\"]",
      "instances": [
        {
          "schema_version": 2,
          "attributes": {
            "addons_config": [
              {
                "cloudrun_config": [],
                "config_connector_config": [],
                "dns_cache_config": [],
                "gce_persistent_disk_csi_driver_config": [
                  {
                    "enabled": true
                  }
                ],
                "gcp_filestore_csi_driver_config": [],
                "gcs_fuse_csi_driver_config": [],
                "gke_backup_agent_config": [],
                "horizontal_pod_autoscaling": [],
                "http_load_balancing": [],
                "network_policy_config": [
                  {
                    "disabled": true
                  }
                ],
                "stateful_ha_config": []
              }
            ],
            "allow_net_admin": null,
            "authenticator_groups_config": [],
            "binary_authorization": [
              {
                "enabled": false,
                "evaluation_mode": ""
              }
            ],
            "cluster_autoscaling": [
              {
                "auto_provisioning_defaults": [],
                "autoscaling_profile": "BALANCED",
                "enabled": false,
                "resource_limits": []
              }
            ],
            "cluster_ipv4_cidr": "10.28.0.0/14",
            "confidential_nodes": [],
            "cost_management_config": [],
            "database_encryption": [
              {
                "key_name": "",
                "state": "DECRYPTED"
              }
            ],
            "datapath_provider": "",
            "default_max_pods_per_node": 110,
            "default_snat_status": [
              {
                "disabled": false
              }
            ],
            "deletion_protection": true,
            "description": "",
            "dns_config": [],
            "enable_autopilot": false,
            "enable_cilium_clusterwide_network_policy": false,
            "enable_intranode_visibility": false,
            "enable_k8s_beta_apis": [],
            "enable_kubernetes_alpha": false,
            "enable_l4_ilb_subsetting": false,
            "enable_legacy_abac": false,
            "enable_shielded_nodes": true,
            "enable_tpu": false,
            "endpoint": "34.46.116.209",
            "fleet": [],
            "gateway_api_config": [],
            "id": "projects/first-fortress-423814-j4/locations/us-central1-f/clusters/primary-cluster",
            "identity_service_config": [],
            "initial_node_count": 2,
            "ip_allocation_policy": [
              {
                "additional_pod_ranges_config": [],
                "cluster_ipv4_cidr_block": "10.28.0.0/14",
                "cluster_secondary_range_name": "gke-primary-cluster-pods-a90b7891",
                "pod_cidr_overprovision_config": [
                  {
                    "disabled": false
                  }
                ],
                "services_ipv4_cidr_block": "34.118.224.0/20",
                "services_secondary_range_name": "",
                "stack_type": "IPV4"
              }
            ],
            "label_fingerprint": "a9dc16a7",
            "location": "us-central1-f",
            "logging_config": [
              {
                "enable_components": [
                  "SYSTEM_COMPONENTS",
                  "WORKLOADS"
                ]
              }
            ],
            "logging_service": "logging.googleapis.com/kubernetes",
            "maintenance_policy": [],
            "master_auth": [
              {
                "client_certificate": "",
                "client_certificate_config": [
                  {
                    "issue_client_certificate": false
                  }
                ],
                "client_key": "",
                "cluster_ca_certificate": "LS0tLS1CRUdJTiBDRVJUSUZJQ0FURS0tLS0tCk1JSUVMVENDQXBXZ0F3SUJBZ0lSQU9GSFBqR214UkRTeGx2NG1kUVBYS1V3RFFZSktvWklodmNOQVFFTEJRQXcKTHpFdE1Dc0dBMVVFQXhNa09EQXlaR0V3TXpjdFpqSXdZaTAwWW1KakxUaGpZMkl0Tm1VNE9XUTVZVEl4TTJVMApNQ0FYRFRJME1EY3dNVEExTURjME1Gb1lEekl3TlRRd05qSTBNRFl3TnpRd1dqQXZNUzB3S3dZRFZRUURFeVE0Ck1ESmtZVEF6TnkxbU1qQmlMVFJpWW1NdE9HTmpZaTAyWlRnNVpEbGhNakV6WlRRd2dnR2lNQTBHQ1NxR1NJYjMKRFFFQkFRVUFBNElCandBd2dnR0tBb0lCZ1FESDgyQjVVL3dyT3E1WitXOEdsV1JjWGZqVEpuNm1JQ3Mwc1V4VgpXSkp3QnQ0NGNkUXNCN2wwN1IwVVBsUldPV1dKT1V1bzNGbzFCRjZDcjNGeld1WEhJa0N6YkRVY1ZzNmoxMWpsClVHNnM4OUpVNG1oT1BkVm44Mjh0SzY1Sndwak1sMFZNSTV2YWdlM0wwRXpta2IzRC9TaFRRUERFcHFQNWVLd1gKZzFDV0kydG1nS0FERXdSY0VEQ1IzRjVpUEs5ajBkM05QaGxnRkJ3QjBrQlVRc3Q2OGNCeXU5K0hEdkh6czVFeQpsNk03UkY5YzRHQmEwZXFDNTI4QTdlbnREZUNNeUJUT0VobFBJb1BSc2hIRjYvRVJ0eE1ZWkcrT2RtRUF1elV2CnB4cXI4ci9Zd3pEV3pFeFcyT2ZXaVZmN0pRbURHakZvd0pXQVBFZUx3ajdtVTR4cjVJRTYyTSt3UlpybERXNSsKaTY2K3JldnpGczErVHhLU2lOekhqZm1GN3dobW5jcWxyWlNHV3NEYk5kcEs2V29XZHhiWXV6emduVWN6b0t6TQphZDdWRkxNdk5XYUNjcG9CcGNoZSs4ZGpDK1JvdXdZYXNiam1wY05tMWhxZ3ZTMnl1TXlOeXZXRXhRaXJ0RUplCi9RVDFKd25nSHFFTVBaemxXRFpwVkFmeTF1Y0NBd0VBQWFOQ01FQXdEZ1lEVlIwUEFRSC9CQVFEQWdJRU1BOEcKQTFVZEV3RUIvd1FGTUFNQkFmOHdIUVlEVlIwT0JCWUVGTTVuY3l1ZHg2K2MxQ3ZmWWZac0NwZW1zd1NjTUEwRwpDU3FHU0liM0RRRUJDd1VBQTRJQmdRQWlpMjl3UTUrSjNjS284TEV3WTFnbUVycm80NDduanA3dUIySVRHWWdICkN4Q1FUQW9PdGFSTW5XREtxQXFsa0c0dlBJRVVCMTB3MUpXcFRvNk5WN3BIQkVITHRxamY1YkV3UTcxaXlYWlMKUkU2Y2xnSGkwUENaUXJvT2tlQ3NWRGFnVTJ0N0dMZHdrVnJQMTFzL3hQdTRHV0U0aktvVFpVUStOU2NGZVBLdApMWFRXbzZYaWxCVDVIZ25UMnA0cFpNMmpxeS8rdm14eklOM0p3WU1KZzZsQWtqTXBxZE9TaWJyTVJ1VHFPUmxrCnh0WXk2alRjVzRXWDh4bjgxdm5NN2k1R0M5TFVvazFBMlk1ZG8waWorOHI4Q1NFdC95V2ZNZDN3VlFDTWRiOWUKL3h5c1Q2a2tGL3N6TGFnM2V4Nzl5Z05QNDQvSHZmR09KZmRkc1lic1RhaElXeDJCeUhJbzgvU0RsaVp1WE9LRAp1YVF1aDJTeWdvSmkxOWJzTHhKaFZLc2c2Z3J1bVFwRFp1RXhZMzc3WnhYNlZ1LzdNdEduaThZWWlBamtBRVhJCnNGWVd2TGhWNEpsYXpybUlSNWw5Z3BFNjdzR3NGTjZJdzg1akFPV3V1RTdnNEViU21QdS83bEo3b2RtWjlXVkMKdkpvZUdSMmVtZHZ2Q21sMFdDZnkwTDQ9Ci0tLS0tRU5EIENFUlRJRklDQVRFLS0tLS0K"
              }
            ],
            "master_authorized_networks_config": [],
            "master_version": "1.29.4-gke.1043002",
            "mesh_certificates": [],
            "min_master_version": null,
            "monitoring_config": [
              {
                "advanced_datapath_observability_config": [
                  {
                    "enable_metrics": false,
                    "enable_relay": false,
                    "relay_mode": "DISABLED"
                  }
                ],
                "enable_components": [
                  "SYSTEM_COMPONENTS"
                ],
                "managed_prometheus": [
                  {
                    "enabled": true
                  }
                ]
              }
            ],
            "monitoring_service": "monitoring.googleapis.com/kubernetes",
            "name": "primary-cluster",
            "network": "projects/first-fortress-423814-j4/global/networks/default",
            "network_policy": [
              {
                "enabled": false,
                "provider": "PROVIDER_UNSPECIFIED"
              }
            ],
            "networking_mode": "VPC_NATIVE",
            "node_config": [
              {
                "advanced_machine_features": [],
                "boot_disk_kms_key": "",
                "confidential_nodes": [],
                "containerd_config": [],
                "disk_size_gb": 100,
                "disk_type": "pd-balanced",
                "effective_taints": [],
                "enable_confidential_storage": false,
                "ephemeral_storage_local_ssd_config": [],
                "fast_socket": [],
                "gcfs_config": [],
                "guest_accelerator": [],
                "gvnic": [],
                "host_maintenance_policy": [],
                "image_type": "COS_CONTAINERD",
                "kubelet_config": [],
                "labels": {},
                "linux_node_config": [],
                "local_nvme_ssd_block_config": [],
                "local_ssd_count": 0,
                "logging_variant": "DEFAULT",
                "machine_type": "n2-standard-2",
                "metadata": {
                  "disable-legacy-endpoints": "true"
                },
                "min_cpu_platform": "",
                "node_group": "",
                "oauth_scopes": [
                  "https://www.googleapis.com/auth/devstorage.read_only",
                  "https://www.googleapis.com/auth/logging.write",
                  "https://www.googleapis.com/auth/monitoring",
                  "https://www.googleapis.com/auth/service.management.readonly",
                  "https://www.googleapis.com/auth/servicecontrol",
                  "https://www.googleapis.com/auth/trace.append"
                ],
                "preemptible": false,
                "reservation_affinity": [],
                "resource_labels": null,
                "resource_manager_tags": null,
                "secondary_boot_disks": [],
                "service_account": "default",
                "shielded_instance_config": [
                  {
                    "enable_integrity_monitoring": true,
                    "enable_secure_boot": false
                  }
                ],
                "sole_tenant_config": [],
                "spot": false,
                "tags": null,
                "taint": [],
                "workload_metadata_config": []
              }
            ],
            "node_locations": [],
            "node_pool": [
              {
                "autoscaling": [],
                "initial_node_count": 2,
                "instance_group_urls": [
                  "https://www.googleapis.com/compute/v1/projects/first-fortress-423814-j4/zones/us-central1-f/instanceGroupManagers/gke-primary-cluster-default-pool-d11f1265-grp"
                ],
                "managed_instance_group_urls": [
                  "https://www.googleapis.com/compute/v1/projects/first-fortress-423814-j4/zones/us-central1-f/instanceGroups/gke-primary-cluster-default-pool-d11f1265-grp"
                ],
                "management": [
                  {
                    "auto_repair": true,
                    "auto_upgrade": true
                  }
                ],
                "max_pods_per_node": 110,
                "name": "default-pool",
                "name_prefix": "",
                "network_config": [
                  {
                    "create_pod_range": false,
                    "enable_private_nodes": false,
                    "network_performance_config": [],
                    "pod_cidr_overprovision_config": [],
                    "pod_ipv4_cidr_block": "10.28.0.0/14",
                    "pod_range": "gke-primary-cluster-pods-a90b7891"
                  }
                ],
                "node_config": [
                  {
                    "advanced_machine_features": [],
                    "boot_disk_kms_key": "",
                    "confidential_nodes": [],
                    "containerd_config": [],
                    "disk_size_gb": 100,
                    "disk_type": "pd-balanced",
                    "effective_taints": [],
                    "enable_confidential_storage": false,
                    "ephemeral_storage_local_ssd_config": [],
                    "fast_socket": [],
                    "gcfs_config": [],
                    "guest_accelerator": [],
                    "gvnic": [],
                    "host_maintenance_policy": [],
                    "image_type": "COS_CONTAINERD",
                    "kubelet_config": [],
                    "labels": {},
                    "linux_node_config": [],
                    "local_nvme_ssd_block_config": [],
                    "local_ssd_count": 0,
                    "logging_variant": "DEFAULT",
                    "machine_type": "n2-standard-2",
                    "metadata": {
                      "disable-legacy-endpoints": "true"
                    },
                    "min_cpu_platform": "",
                    "node_group": "",
                    "oauth_scopes": [
                      "https://www.googleapis.com/auth/devstorage.read_only",
                      "https://www.googleapis.com/auth/logging.write",
                      "https://www.googleapis.com/auth/monitoring",
                      "https://www.googleapis.com/auth/service.management.readonly",
                      "https://www.googleapis.com/auth/servicecontrol",
                      "https://www.googleapis.com/auth/trace.append"
                    ],
                    "preemptible": false,
                    "reservation_affinity": [],
                    "resource_labels": {},
                    "resource_manager_tags": {},
                    "secondary_boot_disks": [],
                    "service_account": "default",
                    "shielded_instance_config": [
                      {
                        "enable_integrity_monitoring": true,
                        "enable_secure_boot": false
                      }
                    ],
                    "sole_tenant_config": [],
                    "spot": false,
                    "tags": [],
                    "taint": [],
                    "workload_metadata_config": []
                  }
                ],
                "node_count": 2,
                "node_locations": [
                  "us-central1-f"
                ],
                "placement_policy": [],
                "queued_provisioning": [],
                "upgrade_settings": [
                  {
                    "blue_green_settings": [],
                    "max_surge": 1,
                    "max_unavailable": 0,
                    "strategy": "SURGE"
                  }
                ],
                "version": "1.29.4-gke.1043002"
              }
            ],
            "node_pool_auto_config": [],
            "node_pool_defaults": [
              {
                "node_config_defaults": [
                  {
                    "containerd_config": [],
                    "logging_variant": "DEFAULT"
                  }
                ]
              }
            ],
            "node_version": "1.29.4-gke.1043002",
            "notification_config": [
              {
                "pubsub": [
                  {
                    "enabled": false,
                    "filter": [],
                    "topic": ""
                  }
                ]
              }
            ],
            "operation": null,
            "private_cluster_config": [
              {
                "enable_private_endpoint": false,
                "enable_private_nodes": false,
                "master_global_access_config": [
                  {
                    "enabled": false
                  }
                ],
                "master_ipv4_cidr_block": "",
                "peering_name": "",
                "private_endpoint": "10.128.0.18",
                "private_endpoint_subnetwork": "",
                "public_endpoint": "34.46.116.209"
              }
            ],
            "private_ipv6_google_access": "",
            "project": "first-fortress-423814-j4",
            "release_channel": [
              {
                "channel": "REGULAR"
              }
            ],
            "remove_default_node_pool": null,
            "resource_labels": null,
            "resource_usage_export_config": [],
            "security_posture_config": [
              {
                "mode": "BASIC",
                "vulnerability_mode": "VULNERABILITY_MODE_UNSPECIFIED"
              }
            ],
            "self_link": "https://container.googleapis.com/v1/projects/first-fortress-423814-j4/zones/us-central1-f/clusters/primary-cluster",
            "service_external_ips_config": [
              {
                "enabled": false
              }
            ],
            "services_ipv4_cidr": "34.118.224.0/20",
            "subnetwork": "projects/first-fortress-423814-j4/regions/us-central1/subnetworks/default",
            "timeouts": null,
            "tpu_ipv4_cidr_block": "",
            "vertical_pod_autoscaling": [],
            "workload_identity_config": []
          },
          "sensitive_attributes": [
            [
              {
                "type": "get_attr",
                "value": "master_auth"
              },
              {
                "type": "index",
                "value": {
                  "value": 0,
                  "type": "number"
                }
              },
              {
                "type": "get_attr",
                "value": "client_key"
              }
            ]
          ],
          "private": "eyJlMmJmYjczMC1lY2FhLTExZTYtOGY4OC0zNDM2M2JjN2M0YzAiOnsiY3JlYXRlIjoyNDAwMDAwMDAwMDAwLCJkZWxldGUiOjI0MDAwMDAwMDAwMDAsInJlYWQiOjI0MDAwMDAwMDAwMDAsInVwZGF0ZSI6MzYwMDAwMDAwMDAwMH0sInNjaGVtYV92ZXJzaW9uIjoiMiJ9"
        }
      ]
    }
  ],
  "check_results": null
}
